{
  "nodes": {
    "flake-utils": {
      "locked": {
        "lastModified": 1649676176,
        "narHash": "sha256-OWKJratjt2RW151VUlJPRALb7OU2S5s+f0vLj4o1bHM=",
        "owner": "numtide",
        "repo": "flake-utils",
        "rev": "a4b154ebbdc88c8498a5c7b01589addc9e9cb678",
        "type": "github"
      },
      "original": {
        "owner": "numtide",
        "repo": "flake-utils",
        "type": "github"
      }
    },
    "mach-nix": {
      "inputs": {
        "flake-utils": [
          "flake-utils"
        ],
        "nixpkgs": [
          "nixpkgs"
        ],
        "pypi-deps-db": [
          "pypi-deps-db"
        ]
      },
      "locked": {
        "lastModified": 1648436428,
        "narHash": "sha256-pDXf4Pgh1sGMSNpLjYnb2+WLqYYuRZxNs4OuOfNS8ik=",
        "owner": "DavHau",
        "repo": "mach-nix",
        "rev": "86c3111786742fcc4dfdca2e124bcea10e05a4e6",
        "type": "github"
      },
      "original": {
        "owner": "DavHau",
        "repo": "mach-nix",
        "type": "github"
      }
    },
    "nixpkgs": {
      "locked": {
        "lastModified": 1649673231,
        "narHash": "sha256-1T3AFscfS7s9pkFA+UIDrHH3/RLVjRdYs5ImuLYpOlE=",
        "owner": "nixos",
        "repo": "nixpkgs",
        "rev": "33772708c6d0e33f697426ba386aa0149cbcbecb",
        "type": "github"
      },
      "original": {
        "owner": "nixos",
        "ref": "nixos-unstable",
        "repo": "nixpkgs",
        "type": "github"
      }
    },
    "nixpkgsPy36": {
      "locked": {
        "lastModified": 1601475821,
        "narHash": "sha256-7AI8j/xq5slauMGwC3Dp2K9TKDyDtBXBebeyWsE9euE=",
        "owner": "NixOS",
        "repo": "nixpkgs",
        "rev": "b4db68ff563895eea6aab4ff24fa04ef403dfe14",
        "type": "github"
      },
      "original": {
        "id": "nixpkgs",
        "rev": "b4db68ff563895eea6aab4ff24fa04ef403dfe14",
        "type": "indirect"
      }
    },
    "pypi-deps-db": {
      "inputs": {
        "mach-nix": [
          "mach-nix"
        ],
        "nixpkgs": [
          "nixpkgs"
        ],
        "nixpkgsPy36": "nixpkgsPy36",
        "pypiIndex": "pypiIndex"
      },
      "locked": {
        "lastModified": 1649795856,
        "narHash": "sha256-MRTS6TcpfOFl/MBzoKU3I+5pL4ZAUIjuCwuZn7yfvhw=",
        "owner": "DavHau",
        "repo": "pypi-deps-db",
        "rev": "436b5a12d95e51f4dc47c6096af190a64f4e8bc9",
        "type": "github"
      },
      "original": {
        "owner": "DavHau",
        "repo": "pypi-deps-db",
        "type": "github"
      }
    },
    "pypiIndex": {
      "flake": false,
      "locked": {
        "lastModified": 1649783486,
        "narHash": "sha256-3uxkP+zrvxGESsp/2D48XVRBI46FwGwYAlcTjADppRk=",
        "owner": "davhau",
        "repo": "nix-pypi-fetcher",
        "rev": "154935dfaa5a7ff9d4cbb278e9b36b5b7d58f85a",
        "type": "github"
      },
      "original": {
        "owner": "davhau",
        "repo": "nix-pypi-fetcher",
        "type": "github"
      }
    },
    "root": {
      "inputs": {
        "flake-utils": "flake-utils",
        "mach-nix": "mach-nix",
        "nixpkgs": "nixpkgs",
        "pypi-deps-db": "pypi-deps-db"
      }
    }
  },
  "root": "root",
  "version": 7
}
