{
  "nodes": {
    "flake-utils": {
      "locked": {
        "lastModified": 1659877975,
        "narHash": "sha256-zllb8aq3YO3h8B/U0/J1WBgAL8EX5yWf5pMj3G0NAmc=",
        "owner": "numtide",
        "repo": "flake-utils",
        "rev": "c0e246b9b83f637f4681389ecabcb2681b4f3af0",
        "type": "github"
      },
      "original": {
        "owner": "numtide",
        "repo": "flake-utils",
        "type": "github"
      }
    },
    "flake-utils_2": {
      "locked": {
        "lastModified": 1659877975,
        "narHash": "sha256-zllb8aq3YO3h8B/U0/J1WBgAL8EX5yWf5pMj3G0NAmc=",
        "owner": "numtide",
        "repo": "flake-utils",
        "rev": "c0e246b9b83f637f4681389ecabcb2681b4f3af0",
        "type": "github"
      },
      "original": {
        "owner": "numtide",
        "repo": "flake-utils",
        "type": "github"
      }
    },
    "nixpkgs": {
      "locked": {
        "lastModified": 1660082856,
        "narHash": "sha256-2rwvaZfUPI0BPvCG43Eu/HADRHXKJn1Twp4rOOKhCUc=",
        "owner": "NixOS",
        "repo": "nixpkgs",
        "rev": "cdd62cecb434702b9614957e24be54c63c7ad0f3",
        "type": "github"
      },
      "original": {
        "owner": "NixOS",
        "repo": "nixpkgs",
        "type": "github"
      }
    },
    "nixpkgs_2": {
      "locked": {
        "lastModified": 1660082856,
        "narHash": "sha256-2rwvaZfUPI0BPvCG43Eu/HADRHXKJn1Twp4rOOKhCUc=",
        "owner": "NixOS",
        "repo": "nixpkgs",
        "rev": "cdd62cecb434702b9614957e24be54c63c7ad0f3",
        "type": "github"
      },
      "original": {
        "owner": "NixOS",
        "repo": "nixpkgs",
        "type": "github"
      }
    },
    "poetry2nix_pkgs": {
      "inputs": {
        "flake-utils": "flake-utils_2",
        "nixpkgs": "nixpkgs_2"
      },
      "locked": {
        "lastModified": 1659873745,
        "narHash": "sha256-bAMDt6DvMqiDY5sOsqDZiSIM7+XYzT5R79zFTbhMhi0=",
        "owner": "nix-community",
        "repo": "poetry2nix",
        "rev": "52ad6484cfa470424085c7555a02792d0aac6985",
        "type": "github"
      },
      "original": {
        "owner": "nix-community",
        "repo": "poetry2nix",
        "type": "github"
      }
    },
    "root": {
      "inputs": {
        "flake-utils": "flake-utils",
        "nixpkgs": "nixpkgs",
        "poetry2nix_pkgs": "poetry2nix_pkgs"
      }
    }
  },
  "root": "root",
  "version": 7
}
